
Microsoft Visual Studio Solution File, Format Version 12.00
# Visual Studio 14
VisualStudioVersion = 14.0.25123.0
MinimumVisualStudioVersion = 10.0.40219.1
Project("{FAE04EC0-301F-11D3-BF4B-00C04F79EFBC}") = "Flurl.Http.Xml", "Flurl.Http.Xml\Flurl.Http.Xml.csproj", "{A7C7DCAF-4F2C-4C89-9511-4588B490D247}"
EndProject
Project("{FAE04EC0-301F-11D3-BF4B-00C04F79EFBC}") = "Flurl.Http.Xml.Tests", "Flurl.Http.Xml.Tests\Flurl.Http.Xml.Tests.csproj", "{109C9BF5-4306-460A-881B-D7C49F66C909}"
EndProject
Global
	GlobalSection(SolutionConfigurationPlatforms) = preSolution
		Debug|Any CPU = Debug|Any CPU
		Release|Any CPU = Release|Any CPU
	EndGlobalSection
	GlobalSection(ProjectConfigurationPlatforms) = postSolution
		{A7C7DCAF-4F2C-4C89-9511-4588B490D247}.Debug|Any CPU.ActiveCfg = Debug|Any CPU
		{A7C7DCAF-4F2C-4C89-9511-4588B490D247}.Debug|Any CPU.Build.0 = Debug|Any CPU
		{A7C7DCAF-4F2C-4C89-9511-4588B490D247}.Release|Any CPU.ActiveCfg = Release|Any CPU
		{A7C7DCAF-4F2C-4C89-9511-4588B490D247}.Release|Any CPU.Build.0 = Release|Any CPU
		{109C9BF5-4306-460A-881B-D7C49F66C909}.Debug|Any CPU.ActiveCfg = Debug|Any CPU
		{109C9BF5-4306-460A-881B-D7C49F66C909}.Debug|Any CPU.Build.0 = Debug|Any CPU
		{109C9BF5-4306-460A-881B-D7C49F66C909}.Release|Any CPU.ActiveCfg = Release|Any CPU
	EndGlobalSection
	GlobalSection(SolutionProperties) = preSolution
		HideSolutionNode = FALSE
	EndGlobalSection
EndGlobal
